
Microsoft Visual Studio Solution File, Format Version 12.00
# Visual Studio Version 17
VisualStudioVersion = 17.14.36511.14
MinimumVisualStudioVersion = 10.0.40219.1
Project("{2150E333-8FDC-42A3-9474-1A3956D46DE8}") = "Task0", "Task0", "{02EA681E-C7D8-13C7-8484-4AC65E1B71E8}"
EndProject
Project("{FAE04EC0-301F-11D3-BF4B-00C04F79EFBC}") = "Tyuiu.TomilovAD.Sprint0.Task0.V0", "Tyuiu.TomilovAD.Sprint0.Task0.V0\Tyuiu.TomilovAD.Sprint0.Task0.V0.csproj", "{F6ED6A1A-3618-4116-8238-669F7EFBB72D}"
EndProject
Project("{2150E333-8FDC-42A3-9474-1A3956D46DE8}") = "Task1", "Task1", "{C4884104-9D9F-4F10-BB42-705A79FC1459}"
EndProject
Project("{FAE04EC0-301F-11D3-BF4B-00C04F79EFBC}") = "Tyuiu.TomilovAD.Sprint0.Task1.V0", "Tyuiu.TomilovAD.Sprint0.Task1.V0\Tyuiu.TomilovAD.Sprint0.Task1.V0.csproj", "{3FB873DF-280C-4FE3-A95A-783872411B5B}"
EndProject
Project("{2150E333-8FDC-42A3-9474-1A3956D46DE8}") = "Task2", "Task2", "{36D591C7-65C7-A0D1-1CBC-10CDE441BDC8}"
EndProject
Project("{FAE04EC0-301F-11D3-BF4B-00C04F79EFBC}") = "Tyuiu.TomilovAD.Sprint0.Task2.V0", "Tyuiu.TomilovAD.Sprint0.Task2.V0\Tyuiu.TomilovAD.Sprint0.Task2.V0.csproj", "{E540A995-407C-438F-A324-77A54A47D815}"
EndProject
Project("{FAE04EC0-301F-11D3-BF4B-00C04F79EFBC}") = "Tyuiu.TomilovAD.Sprint0.Task2.V0.Test", "Tyuiu.TomilovAD.Sprint0.Task2.V0.Test\Tyuiu.TomilovAD.Sprint0.Task2.V0.Test.csproj", "{41BDFC1F-33A2-4A68-9E26-7E675B0395DC}"
EndProject
Project("{FAE04EC0-301F-11D3-BF4B-00C04F79EFBC}") = "Tyuiu.TomilovAD.Sprint0.Task2.V0.Lib", "Tyuiu.TomilovAD.Sprint0.Task2.V0.Lib\Tyuiu.TomilovAD.Sprint0.Task2.V0.Lib.csproj", "{1BBF7624-9D88-48A2-AB0B-41AAC40AE2AB}"
EndProject
Project("{2150E333-8FDC-42A3-9474-1A3956D46DE8}") = "Task3", "Task3", "{23BF89E6-3F83-4A1B-B38F-E94EBEAAAF1C}"
EndProject
Project("{FAE04EC0-301F-11D3-BF4B-00C04F79EFBC}") = "Tyuiu.TomilovAD.Sprint0.Task3.V0.Lib", "Tyuiu.TomilovAD.Sprint0.Task3.V0.Lib\Tyuiu.TomilovAD.Sprint0.Task3.V0.Lib.csproj", "{FD459DAC-823A-4BCE-80B6-240C16A1051F}"
EndProject
Project("{FAE04EC0-301F-11D3-BF4B-00C04F79EFBC}") = "Tyuiu.TomilovAD.Sprint0.Task3.V0", "Tyuiu.TomilovAD.Sprint0.Task3.V0\Tyuiu.TomilovAD.Sprint0.Task3.V0.csproj", "{782642F3-F149-47B0-970C-092C501D61EC}"
EndProject
Project("{FAE04EC0-301F-11D3-BF4B-00C04F79EFBC}") = "Tyuiu.TomilovAD.Sprint0.Task3.V0.Test", "Tyuiu.TomilovAD.Sprint0.Task3.V0.Test\Tyuiu.TomilovAD.Sprint0.Task3.V0.Test.csproj", "{8EE7B759-100B-47D4-A5D5-9B5025238A15}"
EndProject
Project("{2150E333-8FDC-42A3-9474-1A3956D46DE8}") = "Task4", "Task4", "{0C8862C5-F5A9-4C88-8030-53A4A216C23E}"
EndProject
Project("{FAE04EC0-301F-11D3-BF4B-00C04F79EFBC}") = "Tyuiu.TomilovAD.Sprint0.Task4.V0", "Tyuiu.TomilovAD.Sprint0.Task4.V0\Tyuiu.TomilovAD.Sprint0.Task4.V0.csproj", "{9B510F21-71D0-49F1-89B1-86119E7E36DE}"
EndProject
Project("{FAE04EC0-301F-11D3-BF4B-00C04F79EFBC}") = "Tyuiu.TomilovAD.Sprint0.Task4.V0.Test", "Tyuiu.TomilovAD.Sprint0.Task4.V0.Test\Tyuiu.TomilovAD.Sprint0.Task4.V0.Test.csproj", "{4CB3AAA2-052B-4029-B93A-6E71EAD431D6}"
EndProject
Project("{FAE04EC0-301F-11D3-BF4B-00C04F79EFBC}") = "Tyuiu.TomilovAD.Sprint0.Task4.V0.Lib", "Tyuiu.TomilovAD.Sprint0.Task4.V0.Lib\Tyuiu.TomilovAD.Sprint0.Task4.V0.Lib.csproj", "{3A9523CB-A38D-4DA7-AA1D-70A0C2EB8300}"
EndProject
Project("{2150E333-8FDC-42A3-9474-1A3956D46DE8}") = "Task5", "Task5", "{446753F6-DA10-46C6-83BA-712F497853B2}"
EndProject
Project("{FAE04EC0-301F-11D3-BF4B-00C04F79EFBC}") = "Tyuiu.TomilovAD.Sprint0.Task5.V0", "Tyuiu.TomilovAD.Sprint0.Task5.V0\Tyuiu.TomilovAD.Sprint0.Task5.V0.csproj", "{B6A8391C-0C94-498F-9E64-F409B3D7FDB9}"
EndProject
Project("{FAE04EC0-301F-11D3-BF4B-00C04F79EFBC}") = "Tyuiu.TomilovAD.Sprint0.Task5.V0.Lib", "Tyuiu.TomilovAD.Sprint0.Task5.V0.Lib\Tyuiu.TomilovAD.Sprint0.Task5.V0.Lib.csproj", "{5724C7B5-1E9B-44EA-87BC-9A3D0F044166}"
EndProject
Project("{FAE04EC0-301F-11D3-BF4B-00C04F79EFBC}") = "Tyuiu.TomilovAD.Sprint0.Task5.V0.Test", "Tyuiu.TomilovAD.Sprint0.Task5.V0.Test\Tyuiu.TomilovAD.Sprint0.Task5.V0.Test.csproj", "{1E81FC6D-3209-4607-89D6-AEBF8AD2979D}"
EndProject
Project("{2150E333-8FDC-42A3-9474-1A3956D46DE8}") = "Task6", "Task6", "{A2EAF8FB-B540-44F1-8927-FCC380F71B20}"
EndProject
Project("{FAE04EC0-301F-11D3-BF4B-00C04F79EFBC}") = "Tyuiu.TomilovAD.Sprint0.Task6.V0", "Tyuiu.TomilovAD.Sprint0.Task6.V0\Tyuiu.TomilovAD.Sprint0.Task6.V0.csproj", "{A9E13873-CA50-4B8D-8DA3-F08B535C5337}"
EndProject
Project("{FAE04EC0-301F-11D3-BF4B-00C04F79EFBC}") = "Tyuiu.TomilovAD.Sprint0.Task6.V0.Test", "Tyuiu.TomilovAD.Sprint0.Task6.V0.Test\Tyuiu.TomilovAD.Sprint0.Task6.V0.Test.csproj", "{85688235-8782-479A-8BA5-36834C78B956}"
EndProject
Project("{FAE04EC0-301F-11D3-BF4B-00C04F79EFBC}") = "Tyuiu.TomilovAD.Sprint0.Task6.V0.Lib", "Tyuiu.TomilovAD.Sprint0.Task6.V0.Lib\Tyuiu.TomilovAD.Sprint0.Task6.V0.Lib.csproj", "{6E227947-B77F-45F4-8897-A185C732A661}"
EndProject
Project("{2150E333-8FDC-42A3-9474-1A3956D46DE8}") = "Task7", "Task7", "{7543A55E-CC98-4DAA-A8E5-D66A533E2D3A}"
EndProject
Project("{FAE04EC0-301F-11D3-BF4B-00C04F79EFBC}") = "Tyuiu.TomilovAD.Sprint0.Task7.V0", "Tyuiu.TomilovAD.Sprint0.Task7.V0\Tyuiu.TomilovAD.Sprint0.Task7.V0.csproj", "{D495E79E-F062-4EB2-8588-0BE37959C423}"
EndProject
Project("{FAE04EC0-301F-11D3-BF4B-00C04F79EFBC}") = "Tyuiu.TomilovAD.Sprint0.Task7.V0.Lib", "Tyuiu.TomilovAD.Sprint0.Task7.V0.Lib\Tyuiu.TomilovAD.Sprint0.Task7.V0.Lib.csproj", "{3A2F913B-C738-45CA-9CCB-3A3DBA083527}"
EndProject
Project("{FAE04EC0-301F-11D3-BF4B-00C04F79EFBC}") = "Tyuiu.TomilovAD.Sprint0.Task7.V0.Test", "Tyuiu.TomilovAD.Sprint0.Task7.V0.Test\Tyuiu.TomilovAD.Sprint0.Task7.V0.Test.csproj", "{E4EA38F0-1DD9-4C49-A07B-81E87CE15C80}"
EndProject
Global
	GlobalSection(SolutionConfigurationPlatforms) = preSolution
		Debug|Any CPU = Debug|Any CPU
		Release|Any CPU = Release|Any CPU
	EndGlobalSection
	GlobalSection(ProjectConfigurationPlatforms) = postSolution
		{F6ED6A1A-3618-4116-8238-669F7EFBB72D}.Debug|Any CPU.ActiveCfg = Debug|Any CPU
		{F6ED6A1A-3618-4116-8238-669F7EFBB72D}.Debug|Any CPU.Build.0 = Debug|Any CPU
		{F6ED6A1A-3618-4116-8238-669F7EFBB72D}.Release|Any CPU.ActiveCfg = Release|Any CPU
		{F6ED6A1A-3618-4116-8238-669F7EFBB72D}.Release|Any CPU.Build.0 = Release|Any CPU
		{3FB873DF-280C-4FE3-A95A-783872411B5B}.Debug|Any CPU.ActiveCfg = Debug|Any CPU
		{3FB873DF-280C-4FE3-A95A-783872411B5B}.Debug|Any CPU.Build.0 = Debug|Any CPU
		{3FB873DF-280C-4FE3-A95A-783872411B5B}.Release|Any CPU.ActiveCfg = Release|Any CPU
		{3FB873DF-280C-4FE3-A95A-783872411B5B}.Release|Any CPU.Build.0 = Release|Any CPU
		{E540A995-407C-438F-A324-77A54A47D815}.Debug|Any CPU.ActiveCfg = Debug|Any CPU
		{E540A995-407C-438F-A324-77A54A47D815}.Debug|Any CPU.Build.0 = Debug|Any CPU
		{E540A995-407C-438F-A324-77A54A47D815}.Release|Any CPU.ActiveCfg = Release|Any CPU
		{E540A995-407C-438F-A324-77A54A47D815}.Release|Any CPU.Build.0 = Release|Any CPU
		{41BDFC1F-33A2-4A68-9E26-7E675B0395DC}.Debug|Any CPU.ActiveCfg = Debug|Any CPU
		{41BDFC1F-33A2-4A68-9E26-7E675B0395DC}.Debug|Any CPU.Build.0 = Debug|Any CPU
		{41BDFC1F-33A2-4A68-9E26-7E675B0395DC}.Release|Any CPU.ActiveCfg = Release|Any CPU
		{41BDFC1F-33A2-4A68-9E26-7E675B0395DC}.Release|Any CPU.Build.0 = Release|Any CPU
		{1BBF7624-9D88-48A2-AB0B-41AAC40AE2AB}.Debug|Any CPU.ActiveCfg = Debug|Any CPU
		{1BBF7624-9D88-48A2-AB0B-41AAC40AE2AB}.Debug|Any CPU.Build.0 = Debug|Any CPU
		{1BBF7624-9D88-48A2-AB0B-41AAC40AE2AB}.Release|Any CPU.ActiveCfg = Release|Any CPU
		{1BBF7624-9D88-48A2-AB0B-41AAC40AE2AB}.Release|Any CPU.Build.0 = Release|Any CPU
		{FD459DAC-823A-4BCE-80B6-240C16A1051F}.Debug|Any CPU.ActiveCfg = Debug|Any CPU
		{FD459DAC-823A-4BCE-80B6-240C16A1051F}.Debug|Any CPU.Build.0 = Debug|Any CPU
		{FD459DAC-823A-4BCE-80B6-240C16A1051F}.Release|Any CPU.ActiveCfg = Release|Any CPU
		{FD459DAC-823A-4BCE-80B6-240C16A1051F}.Release|Any CPU.Build.0 = Release|Any CPU
		{782642F3-F149-47B0-970C-092C501D61EC}.Debug|Any CPU.ActiveCfg = Debug|Any CPU
		{782642F3-F149-47B0-970C-092C501D61EC}.Debug|Any CPU.Build.0 = Debug|Any CPU
		{782642F3-F149-47B0-970C-092C501D61EC}.Release|Any CPU.ActiveCfg = Release|Any CPU
		{782642F3-F149-47B0-970C-092C501D61EC}.Release|Any CPU.Build.0 = Release|Any CPU
		{8EE7B759-100B-47D4-A5D5-9B5025238A15}.Debug|Any CPU.ActiveCfg = Debug|Any CPU
		{8EE7B759-100B-47D4-A5D5-9B5025238A15}.Debug|Any CPU.Build.0 = Debug|Any CPU
		{8EE7B759-100B-47D4-A5D5-9B5025238A15}.Release|Any CPU.ActiveCfg = Release|Any CPU
		{8EE7B759-100B-47D4-A5D5-9B5025238A15}.Release|Any CPU.Build.0 = Release|Any CPU
		{9B510F21-71D0-49F1-89B1-86119E7E36DE}.Debug|Any CPU.ActiveCfg = Debug|Any CPU
		{9B510F21-71D0-49F1-89B1-86119E7E36DE}.Debug|Any CPU.Build.0 = Debug|Any CPU
		{9B510F21-71D0-49F1-89B1-86119E7E36DE}.Release|Any CPU.ActiveCfg = Release|Any CPU
		{9B510F21-71D0-49F1-89B1-86119E7E36DE}.Release|Any CPU.Build.0 = Release|Any CPU
		{4CB3AAA2-052B-4029-B93A-6E71EAD431D6}.Debug|Any CPU.ActiveCfg = Debug|Any CPU
		{4CB3AAA2-052B-4029-B93A-6E71EAD431D6}.Debug|Any CPU.Build.0 = Debug|Any CPU
		{4CB3AAA2-052B-4029-B93A-6E71EAD431D6}.Release|Any CPU.ActiveCfg = Release|Any CPU
		{4CB3AAA2-052B-4029-B93A-6E71EAD431D6}.Release|Any CPU.Build.0 = Release|Any CPU
		{3A9523CB-A38D-4DA7-AA1D-70A0C2EB8300}.Debug|Any CPU.ActiveCfg = Debug|Any CPU
		{3A9523CB-A38D-4DA7-AA1D-70A0C2EB8300}.Debug|Any CPU.Build.0 = Debug|Any CPU
		{3A9523CB-A38D-4DA7-AA1D-70A0C2EB8300}.Release|Any CPU.ActiveCfg = Release|Any CPU
		{3A9523CB-A38D-4DA7-AA1D-70A0C2EB8300}.Release|Any CPU.Build.0 = Release|Any CPU
		{B6A8391C-0C94-498F-9E64-F409B3D7FDB9}.Debug|Any CPU.ActiveCfg = Debug|Any CPU
		{B6A8391C-0C94-498F-9E64-F409B3D7FDB9}.Debug|Any CPU.Build.0 = Debug|Any CPU
		{B6A8391C-0C94-498F-9E64-F409B3D7FDB9}.Release|Any CPU.ActiveCfg = Release|Any CPU
		{B6A8391C-0C94-498F-9E64-F409B3D7FDB9}.Release|Any CPU.Build.0 = Release|Any CPU
		{5724C7B5-1E9B-44EA-87BC-9A3D0F044166}.Debug|Any CPU.ActiveCfg = Debug|Any CPU
		{5724C7B5-1E9B-44EA-87BC-9A3D0F044166}.Debug|Any CPU.Build.0 = Debug|Any CPU
		{5724C7B5-1E9B-44EA-87BC-9A3D0F044166}.Release|Any CPU.ActiveCfg = Release|Any CPU
		{5724C7B5-1E9B-44EA-87BC-9A3D0F044166}.Release|Any CPU.Build.0 = Release|Any CPU
		{1E81FC6D-3209-4607-89D6-AEBF8AD2979D}.Debug|Any CPU.ActiveCfg = Debug|Any CPU
		{1E81FC6D-3209-4607-89D6-AEBF8AD2979D}.Debug|Any CPU.Build.0 = Debug|Any CPU
		{1E81FC6D-3209-4607-89D6-AEBF8AD2979D}.Release|Any CPU.ActiveCfg = Release|Any CPU
		{1E81FC6D-3209-4607-89D6-AEBF8AD2979D}.Release|Any CPU.Build.0 = Release|Any CPU
		{A9E13873-CA50-4B8D-8DA3-F08B535C5337}.Debug|Any CPU.ActiveCfg = Debug|Any CPU
		{A9E13873-CA50-4B8D-8DA3-F08B535C5337}.Debug|Any CPU.Build.0 = Debug|Any CPU
		{A9E13873-CA50-4B8D-8DA3-F08B535C5337}.Release|Any CPU.ActiveCfg = Release|Any CPU
		{A9E13873-CA50-4B8D-8DA3-F08B535C5337}.Release|Any CPU.Build.0 = Release|Any CPU
		{85688235-8782-479A-8BA5-36834C78B956}.Debug|Any CPU.ActiveCfg = Debug|Any CPU
		{85688235-8782-479A-8BA5-36834C78B956}.Debug|Any CPU.Build.0 = Debug|Any CPU
		{85688235-8782-479A-8BA5-36834C78B956}.Release|Any CPU.ActiveCfg = Release|Any CPU
		{85688235-8782-479A-8BA5-36834C78B956}.Release|Any CPU.Build.0 = Release|Any CPU
		{6E227947-B77F-45F4-8897-A185C732A661}.Debug|Any CPU.ActiveCfg = Debug|Any CPU
		{6E227947-B77F-45F4-8897-A185C732A661}.Debug|Any CPU.Build.0 = Debug|Any CPU
		{6E227947-B77F-45F4-8897-A185C732A661}.Release|Any CPU.ActiveCfg = Release|Any CPU
		{6E227947-B77F-45F4-8897-A185C732A661}.Release|Any CPU.Build.0 = Release|Any CPU
		{D495E79E-F062-4EB2-8588-0BE37959C423}.Debug|Any CPU.ActiveCfg = Debug|Any CPU
		{D495E79E-F062-4EB2-8588-0BE37959C423}.Debug|Any CPU.Build.0 = Debug|Any CPU
		{D495E79E-F062-4EB2-8588-0BE37959C423}.Release|Any CPU.ActiveCfg = Release|Any CPU
		{D495E79E-F062-4EB2-8588-0BE37959C423}.Release|Any CPU.Build.0 = Release|Any CPU
		{3A2F913B-C738-45CA-9CCB-3A3DBA083527}.Debug|Any CPU.ActiveCfg = Debug|Any CPU
		{3A2F913B-C738-45CA-9CCB-3A3DBA083527}.Debug|Any CPU.Build.0 = Debug|Any CPU
		{3A2F913B-C738-45CA-9CCB-3A3DBA083527}.Release|Any CPU.ActiveCfg = Release|Any CPU
		{3A2F913B-C738-45CA-9CCB-3A3DBA083527}.Release|Any CPU.Build.0 = Release|Any CPU
		{E4EA38F0-1DD9-4C49-A07B-81E87CE15C80}.Debug|Any CPU.ActiveCfg = Debug|Any CPU
		{E4EA38F0-1DD9-4C49-A07B-81E87CE15C80}.Debug|Any CPU.Build.0 = Debug|Any CPU
		{E4EA38F0-1DD9-4C49-A07B-81E87CE15C80}.Release|Any CPU.ActiveCfg = Release|Any CPU
		{E4EA38F0-1DD9-4C49-A07B-81E87CE15C80}.Release|Any CPU.Build.0 = Release|Any CPU
	EndGlobalSection
	GlobalSection(SolutionProperties) = preSolution
		HideSolutionNode = FALSE
	EndGlobalSection
	GlobalSection(NestedProjects) = preSolution
		{F6ED6A1A-3618-4116-8238-669F7EFBB72D} = {02EA681E-C7D8-13C7-8484-4AC65E1B71E8}
		{3FB873DF-280C-4FE3-A95A-783872411B5B} = {C4884104-9D9F-4F10-BB42-705A79FC1459}
		{E540A995-407C-438F-A324-77A54A47D815} = {36D591C7-65C7-A0D1-1CBC-10CDE441BDC8}
		{41BDFC1F-33A2-4A68-9E26-7E675B0395DC} = {36D591C7-65C7-A0D1-1CBC-10CDE441BDC8}
		{1BBF7624-9D88-48A2-AB0B-41AAC40AE2AB} = {36D591C7-65C7-A0D1-1CBC-10CDE441BDC8}
		{FD459DAC-823A-4BCE-80B6-240C16A1051F} = {23BF89E6-3F83-4A1B-B38F-E94EBEAAAF1C}
		{782642F3-F149-47B0-970C-092C501D61EC} = {23BF89E6-3F83-4A1B-B38F-E94EBEAAAF1C}
		{8EE7B759-100B-47D4-A5D5-9B5025238A15} = {23BF89E6-3F83-4A1B-B38F-E94EBEAAAF1C}
		{9B510F21-71D0-49F1-89B1-86119E7E36DE} = {0C8862C5-F5A9-4C88-8030-53A4A216C23E}
		{4CB3AAA2-052B-4029-B93A-6E71EAD431D6} = {0C8862C5-F5A9-4C88-8030-53A4A216C23E}
		{3A9523CB-A38D-4DA7-AA1D-70A0C2EB8300} = {0C8862C5-F5A9-4C88-8030-53A4A216C23E}
		{B6A8391C-0C94-498F-9E64-F409B3D7FDB9} = {446753F6-DA10-46C6-83BA-712F497853B2}
		{5724C7B5-1E9B-44EA-87BC-9A3D0F044166} = {446753F6-DA10-46C6-83BA-712F497853B2}
		{1E81FC6D-3209-4607-89D6-AEBF8AD2979D} = {446753F6-DA10-46C6-83BA-712F497853B2}
		{A9E13873-CA50-4B8D-8DA3-F08B535C5337} = {A2EAF8FB-B540-44F1-8927-FCC380F71B20}
		{85688235-8782-479A-8BA5-36834C78B956} = {A2EAF8FB-B540-44F1-8927-FCC380F71B20}
		{6E227947-B77F-45F4-8897-A185C732A661} = {A2EAF8FB-B540-44F1-8927-FCC380F71B20}
		{D495E79E-F062-4EB2-8588-0BE37959C423} = {7543A55E-CC98-4DAA-A8E5-D66A533E2D3A}
		{3A2F913B-C738-45CA-9CCB-3A3DBA083527} = {7543A55E-CC98-4DAA-A8E5-D66A533E2D3A}
		{E4EA38F0-1DD9-4C49-A07B-81E87CE15C80} = {7543A55E-CC98-4DAA-A8E5-D66A533E2D3A}
	EndGlobalSection
	GlobalSection(ExtensibilityGlobals) = postSolution
		SolutionGuid = {3B65D451-F130-4D59-8C4F-5014FECB90C5}
	EndGlobalSection
EndGlobal
